
Microsoft Visual Studio Solution File, Format Version 12.00
# Visual Studio Version 17
VisualStudioVersion = 17.5.2.0
MinimumVisualStudioVersion = 10.0.40219.1
Project("{FAE04EC0-301F-11D3-BF4B-00C04F79EFBC}") = "ProjetoLoja", "ProjetoLoja\ProjetoLoja.csproj", "{DD9E3DA7-5142-B20F-0A3B-10051422805B}"
EndProject
Project("{FAE04EC0-301F-11D3-BF4B-00C04F79EFBC}") = "Entidades", "Entidades\Entidades.csproj", "{3885CEE1-D345-400C-8495-C1ED43B279C7}"
EndProject
Project("{FAE04EC0-301F-11D3-BF4B-00C04F79EFBC}") = "Pedidos", "Pedidos\Pedidos.csproj", "{84D07C61-DA65-42AE-BD82-62C36CA20983}"
EndProject
Project("{FAE04EC0-301F-11D3-BF4B-00C04F79EFBC}") = "InfoContato", "InfCoContato\InfoContato.csproj", "{686CCA0E-EA8B-4B04-B2D2-95DCFFA2C3B2}"
EndProject
Global
	GlobalSection(SolutionConfigurationPlatforms) = preSolution
		Debug|Any CPU = Debug|Any CPU
		Release|Any CPU = Release|Any CPU
	EndGlobalSection
	GlobalSection(ProjectConfigurationPlatforms) = postSolution
		{DD9E3DA7-5142-B20F-0A3B-10051422805B}.Debug|Any CPU.ActiveCfg = Debug|Any CPU
		{DD9E3DA7-5142-B20F-0A3B-10051422805B}.Debug|Any CPU.Build.0 = Debug|Any CPU
		{DD9E3DA7-5142-B20F-0A3B-10051422805B}.Release|Any CPU.ActiveCfg = Release|Any CPU
		{DD9E3DA7-5142-B20F-0A3B-10051422805B}.Release|Any CPU.Build.0 = Release|Any CPU
		{3885CEE1-D345-400C-8495-C1ED43B279C7}.Debug|Any CPU.ActiveCfg = Debug|Any CPU
		{3885CEE1-D345-400C-8495-C1ED43B279C7}.Debug|Any CPU.Build.0 = Debug|Any CPU
		{3885CEE1-D345-400C-8495-C1ED43B279C7}.Release|Any CPU.ActiveCfg = Release|Any CPU
		{3885CEE1-D345-400C-8495-C1ED43B279C7}.Release|Any CPU.Build.0 = Release|Any CPU
		{84D07C61-DA65-42AE-BD82-62C36CA20983}.Debug|Any CPU.ActiveCfg = Debug|Any CPU
		{84D07C61-DA65-42AE-BD82-62C36CA20983}.Debug|Any CPU.Build.0 = Debug|Any CPU
		{84D07C61-DA65-42AE-BD82-62C36CA20983}.Release|Any CPU.ActiveCfg = Release|Any CPU
		{84D07C61-DA65-42AE-BD82-62C36CA20983}.Release|Any CPU.Build.0 = Release|Any CPU
		{686CCA0E-EA8B-4B04-B2D2-95DCFFA2C3B2}.Debug|Any CPU.ActiveCfg = Debug|Any CPU
		{686CCA0E-EA8B-4B04-B2D2-95DCFFA2C3B2}.Debug|Any CPU.Build.0 = Debug|Any CPU
		{686CCA0E-EA8B-4B04-B2D2-95DCFFA2C3B2}.Release|Any CPU.ActiveCfg = Release|Any CPU
		{686CCA0E-EA8B-4B04-B2D2-95DCFFA2C3B2}.Release|Any CPU.Build.0 = Release|Any CPU
	EndGlobalSection
	GlobalSection(SolutionProperties) = preSolution
		HideSolutionNode = FALSE
	EndGlobalSection
	GlobalSection(ExtensibilityGlobals) = postSolution
		SolutionGuid = {04C1C07A-772C-4E0B-9334-88E0D7195DA6}
	EndGlobalSection
EndGlobal
